// !$*UTF8*$!
{
	archiveVersion = 1;
	classes = {
	};
	objectVersion = 52;
	objects = {

/* Begin PBXBuildFile section */
		88109C47249BC4F5001C1D13 /* Stencil in Frameworks */ = {isa = PBXBuildFile; productRef = 88109C46249BC4F5001C1D13 /* Stencil */; };
		88109C4B249BD4D8001C1D13 /* String+camelized.swift in Sources */ = {isa = PBXBuildFile; fileRef = 88109C4A249BD4D8001C1D13 /* String+camelized.swift */; };
		88109C4D249BDAE5001C1D13 /* String+replacing.swift in Sources */ = {isa = PBXBuildFile; fileRef = 88109C4C249BDAE5001C1D13 /* String+replacing.swift */; };
		88109C4F249BDD74001C1D13 /* String+escaping.swift in Sources */ = {isa = PBXBuildFile; fileRef = 88109C4E249BDD74001C1D13 /* String+escaping.swift */; };
		88D487AB249AD8030012F350 /* main.swift in Sources */ = {isa = PBXBuildFile; fileRef = 88D487AA249AD8030012F350 /* main.swift */; };
		88D487B2249ADB990012F350 /* Emoji.swift in Sources */ = {isa = PBXBuildFile; fileRef = 88D487B1249ADB990012F350 /* Emoji.swift */; };
		88D487B7249AE1C90012F350 /* generator.swift in Sources */ = {isa = PBXBuildFile; fileRef = 88D487B6249AE1C90012F350 /* generator.swift */; };
		88D487BA249AE4AC0012F350 /* ShellOut in Frameworks */ = {isa = PBXBuildFile; productRef = 88D487B9249AE4AC0012F350 /* ShellOut */; };
/* End PBXBuildFile section */

/* Begin PBXCopyFilesBuildPhase section */
		88D487A5249AD8030012F350 /* CopyFiles */ = {
			isa = PBXCopyFilesBuildPhase;
			buildActionMask = 2147483647;
			dstPath = /usr/share/man/man1/;
			dstSubfolderSpec = 0;
			files = (
			);
			runOnlyForDeploymentPostprocessing = 1;
		};
/* End PBXCopyFilesBuildPhase section */

/* Begin PBXFileReference section */
		88109C49249BC608001C1D13 /* template.swift */ = {isa = PBXFileReference; lastKnownFileType = sourcecode.swift; path = template.swift; sourceTree = "<group>"; };
		88109C4A249BD4D8001C1D13 /* String+camelized.swift */ = {isa = PBXFileReference; lastKnownFileType = sourcecode.swift; path = "String+camelized.swift"; sourceTree = "<group>"; };
		88109C4C249BDAE5001C1D13 /* String+replacing.swift */ = {isa = PBXFileReference; lastKnownFileType = sourcecode.swift; path = "String+replacing.swift"; sourceTree = "<group>"; };
		88109C4E249BDD74001C1D13 /* String+escaping.swift */ = {isa = PBXFileReference; lastKnownFileType = sourcecode.swift; path = "String+escaping.swift"; sourceTree = "<group>"; };
		88D487A7249AD8030012F350 /* EmojiCodegen */ = {isa = PBXFileReference; explicitFileType = "compiled.mach-o.executable"; includeInIndex = 0; path = EmojiCodegen; sourceTree = BUILT_PRODUCTS_DIR; };
		88D487AA249AD8030012F350 /* main.swift */ = {isa = PBXFileReference; lastKnownFileType = sourcecode.swift; path = main.swift; sourceTree = "<group>"; };
		88D487B1249ADB990012F350 /* Emoji.swift */ = {isa = PBXFileReference; lastKnownFileType = sourcecode.swift; path = Emoji.swift; sourceTree = "<group>"; };
		88D487B6249AE1C90012F350 /* generator.swift */ = {isa = PBXFileReference; lastKnownFileType = sourcecode.swift; path = generator.swift; sourceTree = "<group>"; };
/* End PBXFileReference section */

/* Begin PBXFrameworksBuildPhase section */
		88D487A4249AD8030012F350 /* Frameworks */ = {
			isa = PBXFrameworksBuildPhase;
			buildActionMask = 2147483647;
			files = (
				88D487BA249AE4AC0012F350 /* ShellOut in Frameworks */,
				88109C47249BC4F5001C1D13 /* Stencil in Frameworks */,
			);
			runOnlyForDeploymentPostprocessing = 0;
		};
/* End PBXFrameworksBuildPhase section */

/* Begin PBXGroup section */
		88D4879E249AD8030012F350 = {
			isa = PBXGroup;
			children = (
				88D487A9249AD8030012F350 /* EmojiCodegen */,
				88D487A8249AD8030012F350 /* Products */,
			);
			sourceTree = "<group>";
		};
		88D487A8249AD8030012F350 /* Products */ = {
			isa = PBXGroup;
			children = (
				88D487A7249AD8030012F350 /* EmojiCodegen */,
			);
			name = Products;
			sourceTree = "<group>";
		};
		88D487A9249AD8030012F350 /* EmojiCodegen */ = {
			isa = PBXGroup;
			children = (
				88D487B1249ADB990012F350 /* Emoji.swift */,
				88D487AA249AD8030012F350 /* main.swift */,
				88D487B6249AE1C90012F350 /* generator.swift */,
				88109C49249BC608001C1D13 /* template.swift */,
				88109C4A249BD4D8001C1D13 /* String+camelized.swift */,
				88109C4C249BDAE5001C1D13 /* String+replacing.swift */,
				88109C4E249BDD74001C1D13 /* String+escaping.swift */,
			);
			path = EmojiCodegen;
			sourceTree = "<group>";
		};
/* End PBXGroup section */

/* Begin PBXNativeTarget section */
		88D487A6249AD8030012F350 /* EmojiCodegen */ = {
			isa = PBXNativeTarget;
			buildConfigurationList = 88D487AE249AD8030012F350 /* Build configuration list for PBXNativeTarget "EmojiCodegen" */;
			buildPhases = (
				88D487A3249AD8030012F350 /* Sources */,
				88D487A4249AD8030012F350 /* Frameworks */,
				88D487A5249AD8030012F350 /* CopyFiles */,
			);
			buildRules = (
			);
			dependencies = (
			);
			name = EmojiCodegen;
			packageProductDependencies = (
				88D487B9249AE4AC0012F350 /* ShellOut */,
				88109C46249BC4F5001C1D13 /* Stencil */,
			);
			productName = EmojiCodegen;
			productReference = 88D487A7249AD8030012F350 /* EmojiCodegen */;
			productType = "com.apple.product-type.tool";
		};
/* End PBXNativeTarget section */

/* Begin PBXProject section */
		88D4879F249AD8030012F350 /* Project object */ = {
			isa = PBXProject;
			attributes = {
				LastSwiftUpdateCheck = 1150;
				LastUpgradeCheck = 1150;
				ORGANIZATIONNAME = "Alexey Salangin";
				TargetAttributes = {
					88D487A6249AD8030012F350 = {
						CreatedOnToolsVersion = 11.5;
					};
				};
			};
			buildConfigurationList = 88D487A2249AD8030012F350 /* Build configuration list for PBXProject "EmojiCodegen" */;
			compatibilityVersion = "Xcode 9.3";
			developmentRegion = en;
			hasScannedForEncodings = 0;
			knownRegions = (
				en,
				Base,
			);
			mainGroup = 88D4879E249AD8030012F350;
			packageReferences = (
				88D487B8249AE4AC0012F350 /* XCRemoteSwiftPackageReference "ShellOut" */,
				88109C45249BC4F5001C1D13 /* XCRemoteSwiftPackageReference "Stencil" */,
			);
			productRefGroup = 88D487A8249AD8030012F350 /* Products */;
			projectDirPath = "";
			projectRoot = "";
			targets = (
				88D487A6249AD8030012F350 /* EmojiCodegen */,
			);
		};
/* End PBXProject section */

/* Begin PBXSourcesBuildPhase section */
		88D487A3249AD8030012F350 /* Sources */ = {
			isa = PBXSourcesBuildPhase;
			buildActionMask = 2147483647;
			files = (
				88109C4F249BDD74001C1D13 /* String+escaping.swift in Sources */,
				88D487B2249ADB990012F350 /* Emoji.swift in Sources */,
				88109C4D249BDAE5001C1D13 /* String+replacing.swift in Sources */,
				88109C4B249BD4D8001C1D13 /* String+camelized.swift in Sources */,
				88D487B7249AE1C90012F350 /* generator.swift in Sources */,
				88D487AB249AD8030012F350 /* main.swift in Sources */,
			);
			runOnlyForDeploymentPostprocessing = 0;
		};
/* End PBXSourcesBuildPhase section */

/* Begin XCBuildConfiguration section */
		88D487AC249AD8030012F350 /* Debug */ = {
			isa = XCBuildConfiguration;
			buildSettings = {
				ALWAYS_SEARCH_USER_PATHS = NO;
				CLANG_ANALYZER_NONNULL = YES;
				CLANG_ANALYZER_NUMBER_OBJECT_CONVERSION = YES_AGGRESSIVE;
				CLANG_CXX_LANGUAGE_STANDARD = "gnu++14";
				CLANG_CXX_LIBRARY = "libc++";
				CLANG_ENABLE_MODULES = YES;
				CLANG_ENABLE_OBJC_ARC = YES;
				CLANG_ENABLE_OBJC_WEAK = YES;
				CLANG_WARN_BLOCK_CAPTURE_AUTORELEASING = YES;
				CLANG_WARN_BOOL_CONVERSION = YES;
				CLANG_WARN_COMMA = YES;
				CLANG_WARN_CONSTANT_CONVERSION = YES;
				CLANG_WARN_DEPRECATED_OBJC_IMPLEMENTATIONS = YES;
				CLANG_WARN_DIRECT_OBJC_ISA_USAGE = YES_ERROR;
				CLANG_WARN_DOCUMENTATION_COMMENTS = YES;
				CLANG_WARN_EMPTY_BODY = YES;
				CLANG_WARN_ENUM_CONVERSION = YES;
				CLANG_WARN_INFINITE_RECURSION = YES;
				CLANG_WARN_INT_CONVERSION = YES;
				CLANG_WARN_NON_LITERAL_NULL_CONVERSION = YES;
				CLANG_WARN_OBJC_IMPLICIT_RETAIN_SELF = YES;
				CLANG_WARN_OBJC_LITERAL_CONVERSION = YES;
				CLANG_WARN_OBJC_ROOT_CLASS = YES_ERROR;
				CLANG_WARN_RANGE_LOOP_ANALYSIS = YES;
				CLANG_WARN_STRICT_PROTOTYPES = YES;
				CLANG_WARN_SUSPICIOUS_MOVE = YES;
				CLANG_WARN_UNGUARDED_AVAILABILITY = YES_AGGRESSIVE;
				CLANG_WARN_UNREACHABLE_CODE = YES;
				CLANG_WARN__DUPLICATE_METHOD_MATCH = YES;
				COPY_PHASE_STRIP = NO;
				DEBUG_INFORMATION_FORMAT = dwarf;
				ENABLE_STRICT_OBJC_MSGSEND = YES;
				ENABLE_TESTABILITY = YES;
				GCC_C_LANGUAGE_STANDARD = gnu11;
				GCC_DYNAMIC_NO_PIC = NO;
				GCC_NO_COMMON_BLOCKS = YES;
				GCC_OPTIMIZATION_LEVEL = 0;
				GCC_PREPROCESSOR_DEFINITIONS = (
					"DEBUG=1",
					"$(inherited)",
				);
				GCC_WARN_64_TO_32_BIT_CONVERSION = YES;
				GCC_WARN_ABOUT_RETURN_TYPE = YES_ERROR;
				GCC_WARN_UNDECLARED_SELECTOR = YES;
				GCC_WARN_UNINITIALIZED_AUTOS = YES_AGGRESSIVE;
				GCC_WARN_UNUSED_FUNCTION = YES;
				GCC_WARN_UNUSED_VARIABLE = YES;
				MACOSX_DEPLOYMENT_TARGET = 10.15;
				MTL_ENABLE_DEBUG_INFO = INCLUDE_SOURCE;
				MTL_FAST_MATH = YES;
				ONLY_ACTIVE_ARCH = YES;
				SDKROOT = macosx;
				SWIFT_ACTIVE_COMPILATION_CONDITIONS = DEBUG;
				SWIFT_OPTIMIZATION_LEVEL = "-Onone";
			};
			name = Debug;
		};
		88D487AD249AD8030012F350 /* Release */ = {
			isa = XCBuildConfiguration;
			buildSettings = {
				ALWAYS_SEARCH_USER_PATHS = NO;
				CLANG_ANALYZER_NONNULL = YES;
				CLANG_ANALYZER_NUMBER_OBJECT_CONVERSION = YES_AGGRESSIVE;
				CLANG_CXX_LANGUAGE_STANDARD = "gnu++14";
				CLANG_CXX_LIBRARY = "libc++";
				CLANG_ENABLE_MODULES = YES;
				CLANG_ENABLE_OBJC_ARC = YES;
				CLANG_ENABLE_OBJC_WEAK = YES;
				CLANG_WARN_BLOCK_CAPTURE_AUTORELEASING = YES;
				CLANG_WARN_BOOL_CONVERSION = YES;
				CLANG_WARN_COMMA = YES;
				CLANG_WARN_CONSTANT_CONVERSION = YES;
				CLANG_WARN_DEPRECATED_OBJC_IMPLEMENTATIONS = YES;
				CLANG_WARN_DIRECT_OBJC_ISA_USAGE = YES_ERROR;
				CLANG_WARN_DOCUMENTATION_COMMENTS = YES;
				CLANG_WARN_EMPTY_BODY = YES;
				CLANG_WARN_ENUM_CONVERSION = YES;
				CLANG_WARN_INFINITE_RECURSION = YES;
				CLANG_WARN_INT_CONVERSION = YES;
				CLANG_WARN_NON_LITERAL_NULL_CONVERSION = YES;
				CLANG_WARN_OBJC_IMPLICIT_RETAIN_SELF = YES;
				CLANG_WARN_OBJC_LITERAL_CONVERSION = YES;
				CLANG_WARN_OBJC_ROOT_CLASS = YES_ERROR;
				CLANG_WARN_RANGE_LOOP_ANALYSIS = YES;
				CLANG_WARN_STRICT_PROTOTYPES = YES;
				CLANG_WARN_SUSPICIOUS_MOVE = YES;
				CLANG_WARN_UNGUARDED_AVAILABILITY = YES_AGGRESSIVE;
				CLANG_WARN_UNREACHABLE_CODE = YES;
				CLANG_WARN__DUPLICATE_METHOD_MATCH = YES;
				COPY_PHASE_STRIP = NO;
				DEBUG_INFORMATION_FORMAT = "dwarf-with-dsym";
				ENABLE_NS_ASSERTIONS = NO;
				ENABLE_STRICT_OBJC_MSGSEND = YES;
				GCC_C_LANGUAGE_STANDARD = gnu11;
				GCC_NO_COMMON_BLOCKS = YES;
				GCC_WARN_64_TO_32_BIT_CONVERSION = YES;
				GCC_WARN_ABOUT_RETURN_TYPE = YES_ERROR;
				GCC_WARN_UNDECLARED_SELECTOR = YES;
				GCC_WARN_UNINITIALIZED_AUTOS = YES_AGGRESSIVE;
				GCC_WARN_UNUSED_FUNCTION = YES;
				GCC_WARN_UNUSED_VARIABLE = YES;
				MACOSX_DEPLOYMENT_TARGET = 10.15;
				MTL_ENABLE_DEBUG_INFO = NO;
				MTL_FAST_MATH = YES;
				SDKROOT = macosx;
				SWIFT_COMPILATION_MODE = wholemodule;
				SWIFT_OPTIMIZATION_LEVEL = "-O";
			};
			name = Release;
		};
		88D487AF249AD8030012F350 /* Debug */ = {
			isa = XCBuildConfiguration;
			buildSettings = {
				CODE_SIGN_STYLE = Automatic;
				DEVELOPMENT_TEAM = GLQY2SH5YN;
				ENABLE_HARDENED_RUNTIME = YES;
				PRODUCT_NAME = "$(TARGET_NAME)";
				SWIFT_VERSION = 5.0;
			};
			name = Debug;
		};
		88D487B0249AD8030012F350 /* Release */ = {
			isa = XCBuildConfiguration;
			buildSettings = {
				CODE_SIGN_STYLE = Automatic;
				DEVELOPMENT_TEAM = GLQY2SH5YN;
				ENABLE_HARDENED_RUNTIME = YES;
				PRODUCT_NAME = "$(TARGET_NAME)";
				SWIFT_VERSION = 5.0;
			};
			name = Release;
		};
/* End XCBuildConfiguration section */

/* Begin XCConfigurationList section */
		88D487A2249AD8030012F350 /* Build configuration list for PBXProject "EmojiCodegen" */ = {
			isa = XCConfigurationList;
			buildConfigurations = (
				88D487AC249AD8030012F350 /* Debug */,
				88D487AD249AD8030012F350 /* Release */,
			);
			defaultConfigurationIsVisible = 0;
			defaultConfigurationName = Release;
		};
		88D487AE249AD8030012F350 /* Build configuration list for PBXNativeTarget "EmojiCodegen" */ = {
			isa = XCConfigurationList;
			buildConfigurations = (
				88D487AF249AD8030012F350 /* Debug */,
				88D487B0249AD8030012F350 /* Release */,
			);
			defaultConfigurationIsVisible = 0;
			defaultConfigurationName = Release;
		};
/* End XCConfigurationList section */

/* Begin XCRemoteSwiftPackageReference section */
		88109C45249BC4F5001C1D13 /* XCRemoteSwiftPackageReference "Stencil" */ = {
			isa = XCRemoteSwiftPackageReference;
			repositoryURL = "https://github.com/stencilproject/Stencil";
			requirement = {
				branch = trim_whitespace;
				kind = branch;
			};
		};
		88D487B8249AE4AC0012F350 /* XCRemoteSwiftPackageReference "ShellOut" */ = {
			isa = XCRemoteSwiftPackageReference;
			repositoryURL = "https://github.com/JohnSundell/ShellOut.git";
			requirement = {
				kind = upToNextMajorVersion;
				minimumVersion = 2.3.0;
			};
		};
/* End XCRemoteSwiftPackageReference section */

/* Begin XCSwiftPackageProductDependency section */
		88109C46249BC4F5001C1D13 /* Stencil */ = {
			isa = XCSwiftPackageProductDependency;
			package = 88109C45249BC4F5001C1D13 /* XCRemoteSwiftPackageReference "Stencil" */;
			productName = Stencil;
		};
		88D487B9249AE4AC0012F350 /* ShellOut */ = {
			isa = XCSwiftPackageProductDependency;
			package = 88D487B8249AE4AC0012F350 /* XCRemoteSwiftPackageReference "ShellOut" */;
			productName = ShellOut;
		};
/* End XCSwiftPackageProductDependency section */
	};
	rootObject = 88D4879F249AD8030012F350 /* Project object */;
}
